
Microsoft Visual Studio Solution File, Format Version 12.00
# Visual Studio 15
VisualStudioVersion = 15.0.26730.16
MinimumVisualStudioVersion = 10.0.40219.1
Project("{FAE04EC0-301F-11D3-BF4B-00C04F79EFBC}") = "CookMasterApi", "CookMasterApi\CookMasterApi.csproj", "{F0E47121-0DC0-4C13-B0CA-36CAB0E80DB7}"
EndProject
Project("{FAE04EC0-301F-11D3-BF4B-00C04F79EFBC}") = "CookFormMaster", "CookFormMaster\CookFormMaster.csproj", "{FC28CF8C-CE29-461A-91AE-FB8F3AA2DF7E}"
EndProject
Project("{FAE04EC0-301F-11D3-BF4B-00C04F79EFBC}") = "CookTests", "CookTests\CookTests.csproj", "{2B2F0839-4DD4-4A4A-8BD2-8A8C6D72D6C4}"
EndProject
Project("{FAE04EC0-301F-11D3-BF4B-00C04F79EFBC}") = "CookRepository", "CookRepository\CookRepository.csproj", "{B9066491-8D4F-4C06-B6A1-9795253C9D00}"
EndProject
Project("{FAE04EC0-301F-11D3-BF4B-00C04F79EFBC}") = "CookData", "CookData\CookData.csproj", "{E5ECE5B5-534E-465E-9139-C96EA8E2A62E}"
EndProject
Project("{FAE04EC0-301F-11D3-BF4B-00C04F79EFBC}") = "CookAndroid", "CookAndroid\CookAndroid.csproj", "{065DD4D9-043E-4395-A736-4C5D4B627F28}"
EndProject
Project("{FAE04EC0-301F-11D3-BF4B-00C04F79EFBC}") = "CookMasterApiModel", "CookMasterApiModel\CookMasterApiModel.csproj", "{F8E62BA3-F374-4EDF-8C84-1CA8AA1D0CA4}"
EndProject
Global
	GlobalSection(SolutionConfigurationPlatforms) = preSolution
		Debug|Any CPU = Debug|Any CPU
		Release|Any CPU = Release|Any CPU
	EndGlobalSection
	GlobalSection(ProjectConfigurationPlatforms) = postSolution
		{F0E47121-0DC0-4C13-B0CA-36CAB0E80DB7}.Debug|Any CPU.ActiveCfg = Debug|Any CPU
		{F0E47121-0DC0-4C13-B0CA-36CAB0E80DB7}.Debug|Any CPU.Build.0 = Debug|Any CPU
		{F0E47121-0DC0-4C13-B0CA-36CAB0E80DB7}.Release|Any CPU.ActiveCfg = Release|Any CPU
		{F0E47121-0DC0-4C13-B0CA-36CAB0E80DB7}.Release|Any CPU.Build.0 = Release|Any CPU
		{FC28CF8C-CE29-461A-91AE-FB8F3AA2DF7E}.Debug|Any CPU.ActiveCfg = Debug|Any CPU
		{FC28CF8C-CE29-461A-91AE-FB8F3AA2DF7E}.Debug|Any CPU.Build.0 = Debug|Any CPU
		{FC28CF8C-CE29-461A-91AE-FB8F3AA2DF7E}.Release|Any CPU.ActiveCfg = Release|Any CPU
		{FC28CF8C-CE29-461A-91AE-FB8F3AA2DF7E}.Release|Any CPU.Build.0 = Release|Any CPU
		{2B2F0839-4DD4-4A4A-8BD2-8A8C6D72D6C4}.Debug|Any CPU.ActiveCfg = Debug|Any CPU
		{2B2F0839-4DD4-4A4A-8BD2-8A8C6D72D6C4}.Debug|Any CPU.Build.0 = Debug|Any CPU
		{2B2F0839-4DD4-4A4A-8BD2-8A8C6D72D6C4}.Release|Any CPU.ActiveCfg = Release|Any CPU
		{2B2F0839-4DD4-4A4A-8BD2-8A8C6D72D6C4}.Release|Any CPU.Build.0 = Release|Any CPU
		{B9066491-8D4F-4C06-B6A1-9795253C9D00}.Debug|Any CPU.ActiveCfg = Debug|Any CPU
		{B9066491-8D4F-4C06-B6A1-9795253C9D00}.Debug|Any CPU.Build.0 = Debug|Any CPU
		{B9066491-8D4F-4C06-B6A1-9795253C9D00}.Release|Any CPU.ActiveCfg = Release|Any CPU
		{B9066491-8D4F-4C06-B6A1-9795253C9D00}.Release|Any CPU.Build.0 = Release|Any CPU
		{E5ECE5B5-534E-465E-9139-C96EA8E2A62E}.Debug|Any CPU.ActiveCfg = Debug|Any CPU
		{E5ECE5B5-534E-465E-9139-C96EA8E2A62E}.Debug|Any CPU.Build.0 = Debug|Any CPU
		{E5ECE5B5-534E-465E-9139-C96EA8E2A62E}.Release|Any CPU.ActiveCfg = Release|Any CPU
		{E5ECE5B5-534E-465E-9139-C96EA8E2A62E}.Release|Any CPU.Build.0 = Release|Any CPU
		{065DD4D9-043E-4395-A736-4C5D4B627F28}.Debug|Any CPU.ActiveCfg = Debug|Any CPU
		{065DD4D9-043E-4395-A736-4C5D4B627F28}.Debug|Any CPU.Build.0 = Debug|Any CPU
		{065DD4D9-043E-4395-A736-4C5D4B627F28}.Debug|Any CPU.Deploy.0 = Debug|Any CPU
		{065DD4D9-043E-4395-A736-4C5D4B627F28}.Release|Any CPU.ActiveCfg = Release|Any CPU
		{065DD4D9-043E-4395-A736-4C5D4B627F28}.Release|Any CPU.Build.0 = Release|Any CPU
		{065DD4D9-043E-4395-A736-4C5D4B627F28}.Release|Any CPU.Deploy.0 = Release|Any CPU
		{F8E62BA3-F374-4EDF-8C84-1CA8AA1D0CA4}.Debug|Any CPU.ActiveCfg = Debug|Any CPU
		{F8E62BA3-F374-4EDF-8C84-1CA8AA1D0CA4}.Debug|Any CPU.Build.0 = Debug|Any CPU
		{F8E62BA3-F374-4EDF-8C84-1CA8AA1D0CA4}.Release|Any CPU.ActiveCfg = Release|Any CPU
		{F8E62BA3-F374-4EDF-8C84-1CA8AA1D0CA4}.Release|Any CPU.Build.0 = Release|Any CPU
	EndGlobalSection
	GlobalSection(SolutionProperties) = preSolution
		HideSolutionNode = FALSE
	EndGlobalSection
	GlobalSection(ExtensibilityGlobals) = postSolution
		SolutionGuid = {D44F321B-B318-4D90-8BD0-2DA61E546CF5}
	EndGlobalSection
EndGlobal
