
Microsoft Visual Studio Solution File, Format Version 12.00
# Visual Studio 15
VisualStudioVersion = 15.0.26228.10
MinimumVisualStudioVersion = 10.0.40219.1
Project("{FAE04EC0-301F-11D3-BF4B-00C04F79EFBC}") = "CookMasterApi", "CookMasterApi\CookMasterApi.csproj", "{F0E47121-0DC0-4C13-B0CA-36CAB0E80DB7}"
EndProject
Project("{FAE04EC0-301F-11D3-BF4B-00C04F79EFBC}") = "CookFormMaster", "CookFormMaster\CookFormMaster.csproj", "{FC28CF8C-CE29-461A-91AE-FB8F3AA2DF7E}"
EndProject
Project("{FAE04EC0-301F-11D3-BF4B-00C04F79EFBC}") = "CookTests", "CookTests\CookTests.csproj", "{2B2F0839-4DD4-4A4A-8BD2-8A8C6D72D6C4}"
EndProject
Global
	GlobalSection(SolutionConfigurationPlatforms) = preSolution
		Debug|Any CPU = Debug|Any CPU
		Release|Any CPU = Release|Any CPU
	EndGlobalSection
	GlobalSection(ProjectConfigurationPlatforms) = postSolution
		{F0E47121-0DC0-4C13-B0CA-36CAB0E80DB7}.Debug|Any CPU.ActiveCfg = Debug|Any CPU
		{F0E47121-0DC0-4C13-B0CA-36CAB0E80DB7}.Debug|Any CPU.Build.0 = Debug|Any CPU
		{F0E47121-0DC0-4C13-B0CA-36CAB0E80DB7}.Release|Any CPU.ActiveCfg = Release|Any CPU
		{F0E47121-0DC0-4C13-B0CA-36CAB0E80DB7}.Release|Any CPU.Build.0 = Release|Any CPU
		{FC28CF8C-CE29-461A-91AE-FB8F3AA2DF7E}.Debug|Any CPU.ActiveCfg = Debug|Any CPU
		{FC28CF8C-CE29-461A-91AE-FB8F3AA2DF7E}.Debug|Any CPU.Build.0 = Debug|Any CPU
		{FC28CF8C-CE29-461A-91AE-FB8F3AA2DF7E}.Release|Any CPU.ActiveCfg = Release|Any CPU
		{FC28CF8C-CE29-461A-91AE-FB8F3AA2DF7E}.Release|Any CPU.Build.0 = Release|Any CPU
		{2B2F0839-4DD4-4A4A-8BD2-8A8C6D72D6C4}.Debug|Any CPU.ActiveCfg = Debug|Any CPU
		{2B2F0839-4DD4-4A4A-8BD2-8A8C6D72D6C4}.Debug|Any CPU.Build.0 = Debug|Any CPU
		{2B2F0839-4DD4-4A4A-8BD2-8A8C6D72D6C4}.Release|Any CPU.ActiveCfg = Release|Any CPU
		{2B2F0839-4DD4-4A4A-8BD2-8A8C6D72D6C4}.Release|Any CPU.Build.0 = Release|Any CPU
	EndGlobalSection
	GlobalSection(SolutionProperties) = preSolution
		HideSolutionNode = FALSE
	EndGlobalSection
EndGlobal
