
Microsoft Visual Studio Solution File, Format Version 12.00
# Visual Studio 15
VisualStudioVersion = 15.0.26730.12
MinimumVisualStudioVersion = 10.0.40219.1
Project("{FAE04EC0-301F-11D3-BF4B-00C04F79EFBC}") = "GoogleAppsScriptExecution", "GoogleAppsScriptExecution\GoogleAppsScriptExecution.csproj", "{CD6FFC22-3E7A-4D9B-9433-A5BEA629851F}"
EndProject
Global
	GlobalSection(SolutionConfigurationPlatforms) = preSolution
		Debug|Any CPU = Debug|Any CPU
		Release|Any CPU = Release|Any CPU
	EndGlobalSection
	GlobalSection(ProjectConfigurationPlatforms) = postSolution
		{CD6FFC22-3E7A-4D9B-9433-A5BEA629851F}.Debug|Any CPU.ActiveCfg = Debug|Any CPU
		{CD6FFC22-3E7A-4D9B-9433-A5BEA629851F}.Debug|Any CPU.Build.0 = Debug|Any CPU
		{CD6FFC22-3E7A-4D9B-9433-A5BEA629851F}.Release|Any CPU.ActiveCfg = Release|Any CPU
		{CD6FFC22-3E7A-4D9B-9433-A5BEA629851F}.Release|Any CPU.Build.0 = Release|Any CPU
	EndGlobalSection
	GlobalSection(SolutionProperties) = preSolution
		HideSolutionNode = FALSE
	EndGlobalSection
	GlobalSection(ExtensibilityGlobals) = postSolution
		SolutionGuid = {367974B1-67D5-4559-BF98-E3A43F267C7E}
	EndGlobalSection
EndGlobal
